// !$*UTF8*$!
{
	archiveVersion = 1;
	classes = {
	};
	objectVersion = 55;
	objects = {

/* Begin PBXBuildFile section */
		B056CCC928D227CA00DEA707 /* AppDelegate.swift in Sources */ = {isa = PBXBuildFile; fileRef = B056CCC828D227CA00DEA707 /* AppDelegate.swift */; };
		B056CCCB28D227CA00DEA707 /* SceneDelegate.swift in Sources */ = {isa = PBXBuildFile; fileRef = B056CCCA28D227CA00DEA707 /* SceneDelegate.swift */; };
		B056CCCD28D227CA00DEA707 /* ViewController.swift in Sources */ = {isa = PBXBuildFile; fileRef = B056CCCC28D227CA00DEA707 /* ViewController.swift */; };
		B056CCD028D227CA00DEA707 /* Main.storyboard in Resources */ = {isa = PBXBuildFile; fileRef = B056CCCE28D227CA00DEA707 /* Main.storyboard */; };
		B056CCD228D227CA00DEA707 /* Assets.xcassets in Resources */ = {isa = PBXBuildFile; fileRef = B056CCD128D227CA00DEA707 /* Assets.xcassets */; };
		B056CCD528D227CA00DEA707 /* LaunchScreen.storyboard in Resources */ = {isa = PBXBuildFile; fileRef = B056CCD328D227CA00DEA707 /* LaunchScreen.storyboard */; };
		B056CCE228D2290B00DEA707 /* ViewController.swift in Sources */ = {isa = PBXBuildFile; fileRef = B056CCCC28D227CA00DEA707 /* ViewController.swift */; };
		B056CCE328D2290B00DEA707 /* AppDelegate.swift in Sources */ = {isa = PBXBuildFile; fileRef = B056CCC828D227CA00DEA707 /* AppDelegate.swift */; };
		B056CCE428D2290B00DEA707 /* SceneDelegate.swift in Sources */ = {isa = PBXBuildFile; fileRef = B056CCCA28D227CA00DEA707 /* SceneDelegate.swift */; };
		B056CCE728D2290B00DEA707 /* LaunchScreen.storyboard in Resources */ = {isa = PBXBuildFile; fileRef = B056CCD328D227CA00DEA707 /* LaunchScreen.storyboard */; };
		B056CCE828D2290B00DEA707 /* Assets.xcassets in Resources */ = {isa = PBXBuildFile; fileRef = B056CCD128D227CA00DEA707 /* Assets.xcassets */; };
		B056CCE928D2290B00DEA707 /* Main.storyboard in Resources */ = {isa = PBXBuildFile; fileRef = B056CCCE28D227CA00DEA707 /* Main.storyboard */; };
		B056CCFA28D22EE300DEA707 /* Transaction.storyboard in Resources */ = {isa = PBXBuildFile; fileRef = B056CCF928D22EE300DEA707 /* Transaction.storyboard */; };
		B056CD0428D2317500DEA707 /* SignIn.storyboard in Resources */ = {isa = PBXBuildFile; fileRef = B056CD0328D2317500DEA707 /* SignIn.storyboard */; };
		B056CD0928D2504E00DEA707 /* Transaction.storyboard in Resources */ = {isa = PBXBuildFile; fileRef = B056CCF928D22EE300DEA707 /* Transaction.storyboard */; };
		B056CD0A28D2505200DEA707 /* SignIn.storyboard in Resources */ = {isa = PBXBuildFile; fileRef = B056CD0328D2317500DEA707 /* SignIn.storyboard */; };
		B079F31028D258EC00BFE3FF /* Statistics.storyboard in Resources */ = {isa = PBXBuildFile; fileRef = B079F30F28D258EC00BFE3FF /* Statistics.storyboard */; };
		B079F31128D258FE00BFE3FF /* Statistics.storyboard in Resources */ = {isa = PBXBuildFile; fileRef = B079F30F28D258EC00BFE3FF /* Statistics.storyboard */; };
		B079F31328D2764700BFE3FF /* Budget.storyboard in Resources */ = {isa = PBXBuildFile; fileRef = B079F31228D2764700BFE3FF /* Budget.storyboard */; };
		B079F31528D277B600BFE3FF /* Profile.storyboard in Resources */ = {isa = PBXBuildFile; fileRef = B079F31428D277B600BFE3FF /* Profile.storyboard */; };
		B079F31728D2781100BFE3FF /* Add.storyboard in Resources */ = {isa = PBXBuildFile; fileRef = B079F31628D2781100BFE3FF /* Add.storyboard */; };
		B079F31A28D2A4D800BFE3FF /* Media.xcassets in Resources */ = {isa = PBXBuildFile; fileRef = B079F31928D2A4D800BFE3FF /* Media.xcassets */; };
		B079F31D28D2B87600BFE3FF /* Shadow.swift in Sources */ = {isa = PBXBuildFile; fileRef = B079F31C28D2B87600BFE3FF /* Shadow.swift */; };
		B079F32228D3801200BFE3FF /* Storyboard.storyboard in Resources */ = {isa = PBXBuildFile; fileRef = B079F32128D3801200BFE3FF /* Storyboard.storyboard */; };
		B079F32328D3804B00BFE3FF /* Production.plist in Resources */ = {isa = PBXBuildFile; fileRef = B056CCEE28D2290B00DEA707 /* Production.plist */; };
		B079F32428D3804B00BFE3FF /* Production.plist in Resources */ = {isa = PBXBuildFile; fileRef = B056CCEE28D2290B00DEA707 /* Production.plist */; };
		B079F32628D3850E00BFE3FF /* OnBoardingContainerViewController.swift in Sources */ = {isa = PBXBuildFile; fileRef = B079F32528D3850E00BFE3FF /* OnBoardingContainerViewController.swift */; };
		B079F32828D3876000BFE3FF /* OnBoardingViewController.swift in Sources */ = {isa = PBXBuildFile; fileRef = B079F32728D3876000BFE3FF /* OnBoardingViewController.swift */; };
/* End PBXBuildFile section */

/* Begin PBXFileReference section */
		B056CCC528D227CA00DEA707 /* PlatziFinanzas.app */ = {isa = PBXFileReference; explicitFileType = wrapper.application; includeInIndex = 0; path = PlatziFinanzas.app; sourceTree = BUILT_PRODUCTS_DIR; };
		B056CCC828D227CA00DEA707 /* AppDelegate.swift */ = {isa = PBXFileReference; lastKnownFileType = sourcecode.swift; path = AppDelegate.swift; sourceTree = "<group>"; };
		B056CCCA28D227CA00DEA707 /* SceneDelegate.swift */ = {isa = PBXFileReference; lastKnownFileType = sourcecode.swift; path = SceneDelegate.swift; sourceTree = "<group>"; };
		B056CCCC28D227CA00DEA707 /* ViewController.swift */ = {isa = PBXFileReference; lastKnownFileType = sourcecode.swift; path = ViewController.swift; sourceTree = "<group>"; };
		B056CCCF28D227CA00DEA707 /* Base */ = {isa = PBXFileReference; lastKnownFileType = file.storyboard; name = Base; path = Base.lproj/Main.storyboard; sourceTree = "<group>"; };
		B056CCD128D227CA00DEA707 /* Assets.xcassets */ = {isa = PBXFileReference; lastKnownFileType = folder.assetcatalog; path = Assets.xcassets; sourceTree = "<group>"; };
		B056CCD428D227CA00DEA707 /* Base */ = {isa = PBXFileReference; lastKnownFileType = file.storyboard; name = Base; path = Base.lproj/LaunchScreen.storyboard; sourceTree = "<group>"; };
		B056CCD628D227CA00DEA707 /* Info.plist */ = {isa = PBXFileReference; lastKnownFileType = text.plist.xml; path = Info.plist; sourceTree = "<group>"; };
		B056CCED28D2290B00DEA707 /* Production.app */ = {isa = PBXFileReference; explicitFileType = wrapper.application; includeInIndex = 0; path = Production.app; sourceTree = BUILT_PRODUCTS_DIR; };
		B056CCEE28D2290B00DEA707 /* Production.plist */ = {isa = PBXFileReference; lastKnownFileType = text.plist.xml; name = Production.plist; path = /Users/wmolina/Documents/LH/PlatziFinanzas/Production.plist; sourceTree = "<absolute>"; };
		B056CCF928D22EE300DEA707 /* Transaction.storyboard */ = {isa = PBXFileReference; fileEncoding = 4; lastKnownFileType = file.storyboard; path = Transaction.storyboard; sourceTree = "<group>"; };
		B056CD0328D2317500DEA707 /* SignIn.storyboard */ = {isa = PBXFileReference; lastKnownFileType = file.storyboard; path = SignIn.storyboard; sourceTree = "<group>"; };
		B079F30F28D258EC00BFE3FF /* Statistics.storyboard */ = {isa = PBXFileReference; fileEncoding = 4; lastKnownFileType = file.storyboard; path = Statistics.storyboard; sourceTree = "<group>"; };
		B079F31228D2764700BFE3FF /* Budget.storyboard */ = {isa = PBXFileReference; fileEncoding = 4; lastKnownFileType = file.storyboard; path = Budget.storyboard; sourceTree = "<group>"; };
		B079F31428D277B600BFE3FF /* Profile.storyboard */ = {isa = PBXFileReference; fileEncoding = 4; lastKnownFileType = file.storyboard; path = Profile.storyboard; sourceTree = "<group>"; };
		B079F31628D2781100BFE3FF /* Add.storyboard */ = {isa = PBXFileReference; fileEncoding = 4; lastKnownFileType = file.storyboard; path = Add.storyboard; sourceTree = "<group>"; };
		B079F31928D2A4D800BFE3FF /* Media.xcassets */ = {isa = PBXFileReference; lastKnownFileType = folder.assetcatalog; path = Media.xcassets; sourceTree = "<group>"; };
		B079F31C28D2B87600BFE3FF /* Shadow.swift */ = {isa = PBXFileReference; lastKnownFileType = sourcecode.swift; path = Shadow.swift; sourceTree = "<group>"; };
		B079F32128D3801200BFE3FF /* Storyboard.storyboard */ = {isa = PBXFileReference; lastKnownFileType = file.storyboard; path = Storyboard.storyboard; sourceTree = "<group>"; };
		B079F32528D3850E00BFE3FF /* OnBoardingContainerViewController.swift */ = {isa = PBXFileReference; lastKnownFileType = sourcecode.swift; path = OnBoardingContainerViewController.swift; sourceTree = "<group>"; };
		B079F32728D3876000BFE3FF /* OnBoardingViewController.swift */ = {isa = PBXFileReference; lastKnownFileType = sourcecode.swift; path = OnBoardingViewController.swift; sourceTree = "<group>"; };
/* End PBXFileReference section */

/* Begin PBXFrameworksBuildPhase section */
		B056CCC228D227CA00DEA707 /* Frameworks */ = {
			isa = PBXFrameworksBuildPhase;
			buildActionMask = 2147483647;
			files = (
			);
			runOnlyForDeploymentPostprocessing = 0;
		};
		B056CCE528D2290B00DEA707 /* Frameworks */ = {
			isa = PBXFrameworksBuildPhase;
			buildActionMask = 2147483647;
			files = (
			);
			runOnlyForDeploymentPostprocessing = 0;
		};
/* End PBXFrameworksBuildPhase section */

/* Begin PBXGroup section */
		B056CCBC28D227CA00DEA707 = {
			isa = PBXGroup;
			children = (
				B056CCC728D227CA00DEA707 /* PlatziFinanzas */,
				B056CCC628D227CA00DEA707 /* Products */,
			);
			sourceTree = "<group>";
		};
		B056CCC628D227CA00DEA707 /* Products */ = {
			isa = PBXGroup;
			children = (
				B056CCC528D227CA00DEA707 /* PlatziFinanzas.app */,
				B056CCED28D2290B00DEA707 /* Production.app */,
			);
			name = Products;
			sourceTree = "<group>";
		};
		B056CCC728D227CA00DEA707 /* PlatziFinanzas */ = {
			isa = PBXGroup;
			children = (
				B079F31B28D2B82200BFE3FF /* Extensions */,
				B056CCDD28D227E700DEA707 /* Resources */,
				B056CCDC28D227D700DEA707 /* Base */,
				B056CCDF28D228CD00DEA707 /* Aplication */,
			);
			path = PlatziFinanzas;
			sourceTree = "<group>";
		};
		B056CCDC28D227D700DEA707 /* Base */ = {
			isa = PBXGroup;
			children = (
				B056CCCA28D227CA00DEA707 /* SceneDelegate.swift */,
				B056CCC828D227CA00DEA707 /* AppDelegate.swift */,
				B056CCD628D227CA00DEA707 /* Info.plist */,
				B056CCEE28D2290B00DEA707 /* Production.plist */,
				B056CCD328D227CA00DEA707 /* LaunchScreen.storyboard */,
			);
			path = Base;
			sourceTree = "<group>";
		};
		B056CCDD28D227E700DEA707 /* Resources */ = {
			isa = PBXGroup;
			children = (
				B079F31828D2A4B600BFE3FF /* Colors */,
				B056CCDE28D227F400DEA707 /* Images */,
			);
			path = Resources;
			sourceTree = "<group>";
		};
		B056CCDE28D227F400DEA707 /* Images */ = {
			isa = PBXGroup;
			children = (
				B056CCD128D227CA00DEA707 /* Assets.xcassets */,
			);
			path = Images;
			sourceTree = "<group>";
		};
		B056CCDF28D228CD00DEA707 /* Aplication */ = {
			isa = PBXGroup;
			children = (
				B056CCEF28D2299700DEA707 /* Main */,
				B056CCF028D229A300DEA707 /* Authentication */,
			);
			path = Aplication;
			sourceTree = "<group>";
		};
		B056CCEF28D2299700DEA707 /* Main */ = {
			isa = PBXGroup;
			children = (
				B056CCF328D22A4D00DEA707 /* Main */,
				B056CCF428D22A6B00DEA707 /* Add */,
				B056CCF828D22ADD00DEA707 /* Budget */,
				B056CCF728D22ACA00DEA707 /* Statistics */,
				B056CCF528D22A7300DEA707 /* Profile */,
				B056CCF628D22A8100DEA707 /* Transaction */,
			);
			path = Main;
			sourceTree = "<group>";
		};
		B056CCF028D229A300DEA707 /* Authentication */ = {
			isa = PBXGroup;
			children = (
				B056CCF228D229FB00DEA707 /* Sign In */,
				B079F31E28D37EDA00BFE3FF /* OnBoarding */,
			);
			path = Authentication;
			sourceTree = "<group>";
		};
		B056CCF228D229FB00DEA707 /* Sign In */ = {
			isa = PBXGroup;
			children = (
				B056CD0328D2317500DEA707 /* SignIn.storyboard */,
			);
			path = "Sign In";
			sourceTree = "<group>";
		};
		B056CCF328D22A4D00DEA707 /* Main */ = {
			isa = PBXGroup;
			children = (
				B056CCCC28D227CA00DEA707 /* ViewController.swift */,
				B056CCCE28D227CA00DEA707 /* Main.storyboard */,
			);
			path = Main;
			sourceTree = "<group>";
		};
		B056CCF428D22A6B00DEA707 /* Add */ = {
			isa = PBXGroup;
			children = (
				B079F31628D2781100BFE3FF /* Add.storyboard */,
			);
			path = Add;
			sourceTree = "<group>";
		};
		B056CCF528D22A7300DEA707 /* Profile */ = {
			isa = PBXGroup;
			children = (
				B079F31428D277B600BFE3FF /* Profile.storyboard */,
			);
			path = Profile;
			sourceTree = "<group>";
		};
		B056CCF628D22A8100DEA707 /* Transaction */ = {
			isa = PBXGroup;
			children = (
				B056CCF928D22EE300DEA707 /* Transaction.storyboard */,
			);
			path = Transaction;
			sourceTree = "<group>";
		};
		B056CCF728D22ACA00DEA707 /* Statistics */ = {
			isa = PBXGroup;
			children = (
				B079F30F28D258EC00BFE3FF /* Statistics.storyboard */,
			);
			path = Statistics;
			sourceTree = "<group>";
		};
		B056CCF828D22ADD00DEA707 /* Budget */ = {
			isa = PBXGroup;
			children = (
				B079F31228D2764700BFE3FF /* Budget.storyboard */,
			);
			path = Budget;
			sourceTree = "<group>";
		};
		B079F31828D2A4B600BFE3FF /* Colors */ = {
			isa = PBXGroup;
			children = (
				B079F31928D2A4D800BFE3FF /* Media.xcassets */,
			);
			path = Colors;
			sourceTree = "<group>";
		};
		B079F31B28D2B82200BFE3FF /* Extensions */ = {
			isa = PBXGroup;
			children = (
				B079F31C28D2B87600BFE3FF /* Shadow.swift */,
			);
			path = Extensions;
			sourceTree = "<group>";
		};
		B079F31E28D37EDA00BFE3FF /* OnBoarding */ = {
			isa = PBXGroup;
			children = (
				B079F32128D3801200BFE3FF /* Storyboard.storyboard */,
				B079F32528D3850E00BFE3FF /* OnBoardingContainerViewController.swift */,
				B079F32728D3876000BFE3FF /* OnBoardingViewController.swift */,
			);
			path = OnBoarding;
			sourceTree = "<group>";
		};
/* End PBXGroup section */

/* Begin PBXNativeTarget section */
		B056CCC428D227CA00DEA707 /* PlatziFinanzas */ = {
			isa = PBXNativeTarget;
			buildConfigurationList = B056CCD928D227CA00DEA707 /* Build configuration list for PBXNativeTarget "PlatziFinanzas" */;
			buildPhases = (
				B056CCC128D227CA00DEA707 /* Sources */,
				B056CCC228D227CA00DEA707 /* Frameworks */,
				B056CCC328D227CA00DEA707 /* Resources */,
			);
			buildRules = (
			);
			dependencies = (
			);
			name = PlatziFinanzas;
			productName = PlatziFinanzas;
			productReference = B056CCC528D227CA00DEA707 /* PlatziFinanzas.app */;
			productType = "com.apple.product-type.application";
		};
		B056CCE028D2290B00DEA707 /* Production */ = {
			isa = PBXNativeTarget;
			buildConfigurationList = B056CCEA28D2290B00DEA707 /* Build configuration list for PBXNativeTarget "Production" */;
			buildPhases = (
				B056CCE128D2290B00DEA707 /* Sources */,
				B056CCE528D2290B00DEA707 /* Frameworks */,
				B056CCE628D2290B00DEA707 /* Resources */,
			);
			buildRules = (
			);
			dependencies = (
			);
			name = Production;
			productName = PlatziFinanzas;
			productReference = B056CCED28D2290B00DEA707 /* Production.app */;
			productType = "com.apple.product-type.application";
		};
/* End PBXNativeTarget section */

/* Begin PBXProject section */
		B056CCBD28D227CA00DEA707 /* Project object */ = {
			isa = PBXProject;
			attributes = {
				BuildIndependentTargetsInParallel = 1;
				LastSwiftUpdateCheck = 1340;
				LastUpgradeCheck = 1340;
				TargetAttributes = {
					B056CCC428D227CA00DEA707 = {
						CreatedOnToolsVersion = 13.4.1;
					};
				};
			};
			buildConfigurationList = B056CCC028D227CA00DEA707 /* Build configuration list for PBXProject "PlatziFinanzas" */;
			compatibilityVersion = "Xcode 13.0";
			developmentRegion = en;
			hasScannedForEncodings = 0;
			knownRegions = (
				en,
				Base,
			);
			mainGroup = B056CCBC28D227CA00DEA707;
			productRefGroup = B056CCC628D227CA00DEA707 /* Products */;
			projectDirPath = "";
			projectRoot = "";
			targets = (
				B056CCC428D227CA00DEA707 /* PlatziFinanzas */,
				B056CCE028D2290B00DEA707 /* Production */,
			);
		};
/* End PBXProject section */

/* Begin PBXResourcesBuildPhase section */
		B056CCC328D227CA00DEA707 /* Resources */ = {
			isa = PBXResourcesBuildPhase;
			buildActionMask = 2147483647;
			files = (
				B079F31A28D2A4D800BFE3FF /* Media.xcassets in Resources */,
				B079F32328D3804B00BFE3FF /* Production.plist in Resources */,
				B079F32228D3801200BFE3FF /* Storyboard.storyboard in Resources */,
				B056CCD528D227CA00DEA707 /* LaunchScreen.storyboard in Resources */,
				B056CCD228D227CA00DEA707 /* Assets.xcassets in Resources */,
				B079F31528D277B600BFE3FF /* Profile.storyboard in Resources */,
				B056CD0428D2317500DEA707 /* SignIn.storyboard in Resources */,
				B079F31728D2781100BFE3FF /* Add.storyboard in Resources */,
				B079F31028D258EC00BFE3FF /* Statistics.storyboard in Resources */,
				B056CCD028D227CA00DEA707 /* Main.storyboard in Resources */,
				B079F31328D2764700BFE3FF /* Budget.storyboard in Resources */,
				B056CCFA28D22EE300DEA707 /* Transaction.storyboard in Resources */,
			);
			runOnlyForDeploymentPostprocessing = 0;
		};
		B056CCE628D2290B00DEA707 /* Resources */ = {
			isa = PBXResourcesBuildPhase;
			buildActionMask = 2147483647;
			files = (
				B056CCE728D2290B00DEA707 /* LaunchScreen.storyboard in Resources */,
				B056CCE828D2290B00DEA707 /* Assets.xcassets in Resources */,
				B056CD0928D2504E00DEA707 /* Transaction.storyboard in Resources */,
				B079F31128D258FE00BFE3FF /* Statistics.storyboard in Resources */,
				B056CD0A28D2505200DEA707 /* SignIn.storyboard in Resources */,
				B079F32428D3804B00BFE3FF /* Production.plist in Resources */,
				B056CCE928D2290B00DEA707 /* Main.storyboard in Resources */,
			);
			runOnlyForDeploymentPostprocessing = 0;
		};
/* End PBXResourcesBuildPhase section */

/* Begin PBXSourcesBuildPhase section */
		B056CCC128D227CA00DEA707 /* Sources */ = {
			isa = PBXSourcesBuildPhase;
			buildActionMask = 2147483647;
			files = (
				B056CCCD28D227CA00DEA707 /* ViewController.swift in Sources */,
				B079F31D28D2B87600BFE3FF /* Shadow.swift in Sources */,
				B079F32628D3850E00BFE3FF /* OnBoardingContainerViewController.swift in Sources */,
				B079F32828D3876000BFE3FF /* OnBoardingViewController.swift in Sources */,
				B056CCC928D227CA00DEA707 /* AppDelegate.swift in Sources */,
				B056CCCB28D227CA00DEA707 /* SceneDelegate.swift in Sources */,
			);
			runOnlyForDeploymentPostprocessing = 0;
		};
		B056CCE128D2290B00DEA707 /* Sources */ = {
			isa = PBXSourcesBuildPhase;
			buildActionMask = 2147483647;
			files = (
				B056CCE228D2290B00DEA707 /* ViewController.swift in Sources */,
				B056CCE328D2290B00DEA707 /* AppDelegate.swift in Sources */,
				B056CCE428D2290B00DEA707 /* SceneDelegate.swift in Sources */,
			);
			runOnlyForDeploymentPostprocessing = 0;
		};
/* End PBXSourcesBuildPhase section */

/* Begin PBXVariantGroup section */
		B056CCCE28D227CA00DEA707 /* Main.storyboard */ = {
			isa = PBXVariantGroup;
			children = (
				B056CCCF28D227CA00DEA707 /* Base */,
			);
			name = Main.storyboard;
			sourceTree = "<group>";
		};
		B056CCD328D227CA00DEA707 /* LaunchScreen.storyboard */ = {
			isa = PBXVariantGroup;
			children = (
				B056CCD428D227CA00DEA707 /* Base */,
			);
			name = LaunchScreen.storyboard;
			sourceTree = "<group>";
		};
/* End PBXVariantGroup section */

/* Begin XCBuildConfiguration section */
		B056CCD728D227CA00DEA707 /* Debug */ = {
			isa = XCBuildConfiguration;
			buildSettings = {
				ALWAYS_SEARCH_USER_PATHS = NO;
				CLANG_ANALYZER_NONNULL = YES;
				CLANG_ANALYZER_NUMBER_OBJECT_CONVERSION = YES_AGGRESSIVE;
				CLANG_CXX_LANGUAGE_STANDARD = "gnu++17";
				CLANG_ENABLE_MODULES = YES;
				CLANG_ENABLE_OBJC_ARC = YES;
				CLANG_ENABLE_OBJC_WEAK = YES;
				CLANG_WARN_BLOCK_CAPTURE_AUTORELEASING = YES;
				CLANG_WARN_BOOL_CONVERSION = YES;
				CLANG_WARN_COMMA = YES;
				CLANG_WARN_CONSTANT_CONVERSION = YES;
				CLANG_WARN_DEPRECATED_OBJC_IMPLEMENTATIONS = YES;
				CLANG_WARN_DIRECT_OBJC_ISA_USAGE = YES_ERROR;
				CLANG_WARN_DOCUMENTATION_COMMENTS = YES;
				CLANG_WARN_EMPTY_BODY = YES;
				CLANG_WARN_ENUM_CONVERSION = YES;
				CLANG_WARN_INFINITE_RECURSION = YES;
				CLANG_WARN_INT_CONVERSION = YES;
				CLANG_WARN_NON_LITERAL_NULL_CONVERSION = YES;
				CLANG_WARN_OBJC_IMPLICIT_RETAIN_SELF = YES;
				CLANG_WARN_OBJC_LITERAL_CONVERSION = YES;
				CLANG_WARN_OBJC_ROOT_CLASS = YES_ERROR;
				CLANG_WARN_QUOTED_INCLUDE_IN_FRAMEWORK_HEADER = YES;
				CLANG_WARN_RANGE_LOOP_ANALYSIS = YES;
				CLANG_WARN_STRICT_PROTOTYPES = YES;
				CLANG_WARN_SUSPICIOUS_MOVE = YES;
				CLANG_WARN_UNGUARDED_AVAILABILITY = YES_AGGRESSIVE;
				CLANG_WARN_UNREACHABLE_CODE = YES;
				CLANG_WARN__DUPLICATE_METHOD_MATCH = YES;
				COPY_PHASE_STRIP = NO;
				DEBUG_INFORMATION_FORMAT = dwarf;
				ENABLE_STRICT_OBJC_MSGSEND = YES;
				ENABLE_TESTABILITY = YES;
				GCC_C_LANGUAGE_STANDARD = gnu11;
				GCC_DYNAMIC_NO_PIC = NO;
				GCC_NO_COMMON_BLOCKS = YES;
				GCC_OPTIMIZATION_LEVEL = 0;
				GCC_PREPROCESSOR_DEFINITIONS = (
					"DEBUG=1",
					"$(inherited)",
				);
				GCC_WARN_64_TO_32_BIT_CONVERSION = YES;
				GCC_WARN_ABOUT_RETURN_TYPE = YES_ERROR;
				GCC_WARN_UNDECLARED_SELECTOR = YES;
				GCC_WARN_UNINITIALIZED_AUTOS = YES_AGGRESSIVE;
				GCC_WARN_UNUSED_FUNCTION = YES;
				GCC_WARN_UNUSED_VARIABLE = YES;
				IPHONEOS_DEPLOYMENT_TARGET = 15.5;
				MTL_ENABLE_DEBUG_INFO = INCLUDE_SOURCE;
				MTL_FAST_MATH = YES;
				ONLY_ACTIVE_ARCH = YES;
				SDKROOT = iphoneos;
				SWIFT_ACTIVE_COMPILATION_CONDITIONS = DEBUG;
				SWIFT_OPTIMIZATION_LEVEL = "-Onone";
			};
			name = Debug;
		};
		B056CCD828D227CA00DEA707 /* Release */ = {
			isa = XCBuildConfiguration;
			buildSettings = {
				ALWAYS_SEARCH_USER_PATHS = NO;
				CLANG_ANALYZER_NONNULL = YES;
				CLANG_ANALYZER_NUMBER_OBJECT_CONVERSION = YES_AGGRESSIVE;
				CLANG_CXX_LANGUAGE_STANDARD = "gnu++17";
				CLANG_ENABLE_MODULES = YES;
				CLANG_ENABLE_OBJC_ARC = YES;
				CLANG_ENABLE_OBJC_WEAK = YES;
				CLANG_WARN_BLOCK_CAPTURE_AUTORELEASING = YES;
				CLANG_WARN_BOOL_CONVERSION = YES;
				CLANG_WARN_COMMA = YES;
				CLANG_WARN_CONSTANT_CONVERSION = YES;
				CLANG_WARN_DEPRECATED_OBJC_IMPLEMENTATIONS = YES;
				CLANG_WARN_DIRECT_OBJC_ISA_USAGE = YES_ERROR;
				CLANG_WARN_DOCUMENTATION_COMMENTS = YES;
				CLANG_WARN_EMPTY_BODY = YES;
				CLANG_WARN_ENUM_CONVERSION = YES;
				CLANG_WARN_INFINITE_RECURSION = YES;
				CLANG_WARN_INT_CONVERSION = YES;
				CLANG_WARN_NON_LITERAL_NULL_CONVERSION = YES;
				CLANG_WARN_OBJC_IMPLICIT_RETAIN_SELF = YES;
				CLANG_WARN_OBJC_LITERAL_CONVERSION = YES;
				CLANG_WARN_OBJC_ROOT_CLASS = YES_ERROR;
				CLANG_WARN_QUOTED_INCLUDE_IN_FRAMEWORK_HEADER = YES;
				CLANG_WARN_RANGE_LOOP_ANALYSIS = YES;
				CLANG_WARN_STRICT_PROTOTYPES = YES;
				CLANG_WARN_SUSPICIOUS_MOVE = YES;
				CLANG_WARN_UNGUARDED_AVAILABILITY = YES_AGGRESSIVE;
				CLANG_WARN_UNREACHABLE_CODE = YES;
				CLANG_WARN__DUPLICATE_METHOD_MATCH = YES;
				COPY_PHASE_STRIP = NO;
				DEBUG_INFORMATION_FORMAT = "dwarf-with-dsym";
				ENABLE_NS_ASSERTIONS = NO;
				ENABLE_STRICT_OBJC_MSGSEND = YES;
				GCC_C_LANGUAGE_STANDARD = gnu11;
				GCC_NO_COMMON_BLOCKS = YES;
				GCC_WARN_64_TO_32_BIT_CONVERSION = YES;
				GCC_WARN_ABOUT_RETURN_TYPE = YES_ERROR;
				GCC_WARN_UNDECLARED_SELECTOR = YES;
				GCC_WARN_UNINITIALIZED_AUTOS = YES_AGGRESSIVE;
				GCC_WARN_UNUSED_FUNCTION = YES;
				GCC_WARN_UNUSED_VARIABLE = YES;
				IPHONEOS_DEPLOYMENT_TARGET = 15.5;
				MTL_ENABLE_DEBUG_INFO = NO;
				MTL_FAST_MATH = YES;
				SDKROOT = iphoneos;
				SWIFT_COMPILATION_MODE = wholemodule;
				SWIFT_OPTIMIZATION_LEVEL = "-O";
				VALIDATE_PRODUCT = YES;
			};
			name = Release;
		};
		B056CCDA28D227CA00DEA707 /* Debug */ = {
			isa = XCBuildConfiguration;
			buildSettings = {
				ASSETCATALOG_COMPILER_APPICON_NAME = AppIcon;
				ASSETCATALOG_COMPILER_GLOBAL_ACCENT_COLOR_NAME = AccentColor;
				CODE_SIGN_STYLE = Automatic;
				CURRENT_PROJECT_VERSION = 1;
				GENERATE_INFOPLIST_FILE = YES;
				INFOPLIST_FILE = PlatziFinanzas/Base/Info.plist;
				INFOPLIST_KEY_UIApplicationSupportsIndirectInputEvents = YES;
				INFOPLIST_KEY_UILaunchStoryboardName = SignIn;
				INFOPLIST_KEY_UIMainStoryboardFile = SignIn;
				INFOPLIST_KEY_UISupportedInterfaceOrientations_iPad = "UIInterfaceOrientationPortrait UIInterfaceOrientationPortraitUpsideDown UIInterfaceOrientationLandscapeLeft UIInterfaceOrientationLandscapeRight";
				INFOPLIST_KEY_UISupportedInterfaceOrientations_iPhone = "UIInterfaceOrientationPortrait UIInterfaceOrientationLandscapeLeft UIInterfaceOrientationLandscapeRight";
				LD_RUNPATH_SEARCH_PATHS = (
					"$(inherited)",
					"@executable_path/Frameworks",
				);
				MARKETING_VERSION = 1.0;
				PRODUCT_BUNDLE_IDENTIFIER = com.Lesly.PlatziFinanzas;
				PRODUCT_NAME = "$(TARGET_NAME)";
				SWIFT_EMIT_LOC_STRINGS = YES;
				SWIFT_VERSION = 5.0;
				TARGETED_DEVICE_FAMILY = "1,2";
			};
			name = Debug;
		};
		B056CCDB28D227CA00DEA707 /* Release */ = {
			isa = XCBuildConfiguration;
			buildSettings = {
				ASSETCATALOG_COMPILER_APPICON_NAME = AppIcon;
				ASSETCATALOG_COMPILER_GLOBAL_ACCENT_COLOR_NAME = AccentColor;
				CODE_SIGN_STYLE = Automatic;
				CURRENT_PROJECT_VERSION = 1;
				GENERATE_INFOPLIST_FILE = YES;
				INFOPLIST_FILE = PlatziFinanzas/Base/Info.plist;
				INFOPLIST_KEY_UIApplicationSupportsIndirectInputEvents = YES;
				INFOPLIST_KEY_UILaunchStoryboardName = SignIn;
				INFOPLIST_KEY_UIMainStoryboardFile = SignIn;
				INFOPLIST_KEY_UISupportedInterfaceOrientations_iPad = "UIInterfaceOrientationPortrait UIInterfaceOrientationPortraitUpsideDown UIInterfaceOrientationLandscapeLeft UIInterfaceOrientationLandscapeRight";
				INFOPLIST_KEY_UISupportedInterfaceOrientations_iPhone = "UIInterfaceOrientationPortrait UIInterfaceOrientationLandscapeLeft UIInterfaceOrientationLandscapeRight";
				LD_RUNPATH_SEARCH_PATHS = (
					"$(inherited)",
					"@executable_path/Frameworks",
				);
				MARKETING_VERSION = 1.0;
				PRODUCT_BUNDLE_IDENTIFIER = com.Lesly.PlatziFinanzas;
				PRODUCT_NAME = "$(TARGET_NAME)";
				SWIFT_EMIT_LOC_STRINGS = YES;
				SWIFT_VERSION = 5.0;
				TARGETED_DEVICE_FAMILY = "1,2";
			};
			name = Release;
		};
		B056CCEB28D2290B00DEA707 /* Debug */ = {
			isa = XCBuildConfiguration;
			buildSettings = {
				ASSETCATALOG_COMPILER_APPICON_NAME = AppIcon;
				ASSETCATALOG_COMPILER_GLOBAL_ACCENT_COLOR_NAME = AccentColor;
				CODE_SIGN_STYLE = Automatic;
				CURRENT_PROJECT_VERSION = 1;
				GENERATE_INFOPLIST_FILE = YES;
				INFOPLIST_FILE = PlatziFinanzas/Production/Base/Production.plist;
				INFOPLIST_KEY_UIApplicationSupportsIndirectInputEvents = YES;
				INFOPLIST_KEY_UILaunchStoryboardName = SignIn;
				INFOPLIST_KEY_UIMainStoryboardFile = SignIn;
				INFOPLIST_KEY_UISupportedInterfaceOrientations_iPad = "UIInterfaceOrientationPortrait UIInterfaceOrientationPortraitUpsideDown UIInterfaceOrientationLandscapeLeft UIInterfaceOrientationLandscapeRight";
				INFOPLIST_KEY_UISupportedInterfaceOrientations_iPhone = "UIInterfaceOrientationPortrait UIInterfaceOrientationLandscapeLeft UIInterfaceOrientationLandscapeRight";
				LD_RUNPATH_SEARCH_PATHS = (
					"$(inherited)",
					"@executable_path/Frameworks",
				);
				MARKETING_VERSION = 1.0;
				PRODUCT_BUNDLE_IDENTIFIER = com.Lesly.PlatziFinanzas;
				PRODUCT_NAME = "$(TARGET_NAME)";
				SWIFT_EMIT_LOC_STRINGS = YES;
				SWIFT_VERSION = 5.0;
				TARGETED_DEVICE_FAMILY = "1,2";
			};
			name = Debug;
		};
		B056CCEC28D2290B00DEA707 /* Release */ = {
			isa = XCBuildConfiguration;
			buildSettings = {
				ASSETCATALOG_COMPILER_APPICON_NAME = AppIcon;
				ASSETCATALOG_COMPILER_GLOBAL_ACCENT_COLOR_NAME = AccentColor;
				CODE_SIGN_STYLE = Automatic;
				CURRENT_PROJECT_VERSION = 1;
				GENERATE_INFOPLIST_FILE = YES;
				INFOPLIST_FILE = PlatziFinanzas/Production/Base/Production.plist;
				INFOPLIST_KEY_UIApplicationSupportsIndirectInputEvents = YES;
				INFOPLIST_KEY_UILaunchStoryboardName = SignIn;
				INFOPLIST_KEY_UIMainStoryboardFile = SignIn;
				INFOPLIST_KEY_UISupportedInterfaceOrientations_iPad = "UIInterfaceOrientationPortrait UIInterfaceOrientationPortraitUpsideDown UIInterfaceOrientationLandscapeLeft UIInterfaceOrientationLandscapeRight";
				INFOPLIST_KEY_UISupportedInterfaceOrientations_iPhone = "UIInterfaceOrientationPortrait UIInterfaceOrientationLandscapeLeft UIInterfaceOrientationLandscapeRight";
				LD_RUNPATH_SEARCH_PATHS = (
					"$(inherited)",
					"@executable_path/Frameworks",
				);
				MARKETING_VERSION = 1.0;
				PRODUCT_BUNDLE_IDENTIFIER = com.Lesly.PlatziFinanzas;
				PRODUCT_NAME = "$(TARGET_NAME)";
				SWIFT_EMIT_LOC_STRINGS = YES;
				SWIFT_VERSION = 5.0;
				TARGETED_DEVICE_FAMILY = "1,2";
			};
			name = Release;
		};
/* End XCBuildConfiguration section */

/* Begin XCConfigurationList section */
		B056CCC028D227CA00DEA707 /* Build configuration list for PBXProject "PlatziFinanzas" */ = {
			isa = XCConfigurationList;
			buildConfigurations = (
				B056CCD728D227CA00DEA707 /* Debug */,
				B056CCD828D227CA00DEA707 /* Release */,
			);
			defaultConfigurationIsVisible = 0;
			defaultConfigurationName = Release;
		};
		B056CCD928D227CA00DEA707 /* Build configuration list for PBXNativeTarget "PlatziFinanzas" */ = {
			isa = XCConfigurationList;
			buildConfigurations = (
				B056CCDA28D227CA00DEA707 /* Debug */,
				B056CCDB28D227CA00DEA707 /* Release */,
			);
			defaultConfigurationIsVisible = 0;
			defaultConfigurationName = Release;
		};
		B056CCEA28D2290B00DEA707 /* Build configuration list for PBXNativeTarget "Production" */ = {
			isa = XCConfigurationList;
			buildConfigurations = (
				B056CCEB28D2290B00DEA707 /* Debug */,
				B056CCEC28D2290B00DEA707 /* Release */,
			);
			defaultConfigurationIsVisible = 0;
			defaultConfigurationName = Release;
		};
/* End XCConfigurationList section */
	};
	rootObject = B056CCBD28D227CA00DEA707 /* Project object */;
}
